// !$*UTF8*$!
{
	archiveVersion = 1;
	classes = {
	};
	objectVersion = 50;
	objects = {

/* Begin PBXBuildFile section */
		2C16EC6926B9266000B3D17F /* mySimpleEnroute1App.swift in Sources */ = {isa = PBXBuildFile; fileRef = 2C16EC6826B9266000B3D17F /* mySimpleEnroute1App.swift */; };
		2C16EC6B26B9266000B3D17F /* ContentView.swift in Sources */ = {isa = PBXBuildFile; fileRef = 2C16EC6A26B9266000B3D17F /* ContentView.swift */; };
		2C16EC6D26B9266100B3D17F /* Assets.xcassets in Resources */ = {isa = PBXBuildFile; fileRef = 2C16EC6C26B9266100B3D17F /* Assets.xcassets */; };
		2C16EC7026B9266100B3D17F /* Preview Assets.xcassets in Resources */ = {isa = PBXBuildFile; fileRef = 2C16EC6F26B9266100B3D17F /* Preview Assets.xcassets */; };
		2C16EC7226B9266100B3D17F /* Persistence.swift in Sources */ = {isa = PBXBuildFile; fileRef = 2C16EC7126B9266100B3D17F /* Persistence.swift */; };
		2C16EC7526B9266100B3D17F /* mySimpleEnroute1.xcdatamodeld in Sources */ = {isa = PBXBuildFile; fileRef = 2C16EC7326B9266100B3D17F /* mySimpleEnroute1.xcdatamodeld */; };
/* End PBXBuildFile section */

/* Begin PBXFileReference section */
		2C16EC6526B9266000B3D17F /* mySimpleEnroute1.app */ = {isa = PBXFileReference; explicitFileType = wrapper.application; includeInIndex = 0; path = mySimpleEnroute1.app; sourceTree = BUILT_PRODUCTS_DIR; };
		2C16EC6826B9266000B3D17F /* mySimpleEnroute1App.swift */ = {isa = PBXFileReference; lastKnownFileType = sourcecode.swift; path = mySimpleEnroute1App.swift; sourceTree = "<group>"; };
		2C16EC6A26B9266000B3D17F /* ContentView.swift */ = {isa = PBXFileReference; lastKnownFileType = sourcecode.swift; path = ContentView.swift; sourceTree = "<group>"; };
		2C16EC6C26B9266100B3D17F /* Assets.xcassets */ = {isa = PBXFileReference; lastKnownFileType = folder.assetcatalog; path = Assets.xcassets; sourceTree = "<group>"; };
		2C16EC6F26B9266100B3D17F /* Preview Assets.xcassets */ = {isa = PBXFileReference; lastKnownFileType = folder.assetcatalog; path = "Preview Assets.xcassets"; sourceTree = "<group>"; };
		2C16EC7126B9266100B3D17F /* Persistence.swift */ = {isa = PBXFileReference; lastKnownFileType = sourcecode.swift; path = Persistence.swift; sourceTree = "<group>"; };
		2C16EC7426B9266100B3D17F /* mySimpleEnroute1.xcdatamodel */ = {isa = PBXFileReference; lastKnownFileType = wrapper.xcdatamodel; path = mySimpleEnroute1.xcdatamodel; sourceTree = "<group>"; };
		2C16EC7626B9266100B3D17F /* Info.plist */ = {isa = PBXFileReference; lastKnownFileType = text.plist.xml; path = Info.plist; sourceTree = "<group>"; };
/* End PBXFileReference section */

/* Begin PBXFrameworksBuildPhase section */
		2C16EC6226B9266000B3D17F /* Frameworks */ = {
			isa = PBXFrameworksBuildPhase;
			buildActionMask = 2147483647;
			files = (
			);
			runOnlyForDeploymentPostprocessing = 0;
		};
/* End PBXFrameworksBuildPhase section */

/* Begin PBXGroup section */
		2C16EC5C26B9266000B3D17F = {
			isa = PBXGroup;
			children = (
				2C16EC6726B9266000B3D17F /* mySimpleEnroute1 */,
				2C16EC6626B9266000B3D17F /* Products */,
			);
			sourceTree = "<group>";
		};
		2C16EC6626B9266000B3D17F /* Products */ = {
			isa = PBXGroup;
			children = (
				2C16EC6526B9266000B3D17F /* mySimpleEnroute1.app */,
			);
			name = Products;
			sourceTree = "<group>";
		};
		2C16EC6726B9266000B3D17F /* mySimpleEnroute1 */ = {
			isa = PBXGroup;
			children = (
				2C16EC6826B9266000B3D17F /* mySimpleEnroute1App.swift */,
				2C16EC6A26B9266000B3D17F /* ContentView.swift */,
				2C16EC6C26B9266100B3D17F /* Assets.xcassets */,
				2C16EC7126B9266100B3D17F /* Persistence.swift */,
				2C16EC7626B9266100B3D17F /* Info.plist */,
				2C16EC7326B9266100B3D17F /* mySimpleEnroute1.xcdatamodeld */,
				2C16EC6E26B9266100B3D17F /* Preview Content */,
			);
			path = mySimpleEnroute1;
			sourceTree = "<group>";
		};
		2C16EC6E26B9266100B3D17F /* Preview Content */ = {
			isa = PBXGroup;
			children = (
				2C16EC6F26B9266100B3D17F /* Preview Assets.xcassets */,
			);
			path = "Preview Content";
			sourceTree = "<group>";
		};
/* End PBXGroup section */

/* Begin PBXNativeTarget section */
		2C16EC6426B9266000B3D17F /* mySimpleEnroute1 */ = {
			isa = PBXNativeTarget;
			buildConfigurationList = 2C16EC7926B9266100B3D17F /* Build configuration list for PBXNativeTarget "mySimpleEnroute1" */;
			buildPhases = (
				2C16EC6126B9266000B3D17F /* Sources */,
				2C16EC6226B9266000B3D17F /* Frameworks */,
				2C16EC6326B9266000B3D17F /* Resources */,
			);
			buildRules = (
			);
			dependencies = (
			);
			name = mySimpleEnroute1;
			productName = mySimpleEnroute1;
			productReference = 2C16EC6526B9266000B3D17F /* mySimpleEnroute1.app */;
			productType = "com.apple.product-type.application";
		};
/* End PBXNativeTarget section */

/* Begin PBXProject section */
		2C16EC5D26B9266000B3D17F /* Project object */ = {
			isa = PBXProject;
			attributes = {
				LastSwiftUpdateCheck = 1250;
				LastUpgradeCheck = 1250;
				TargetAttributes = {
					2C16EC6426B9266000B3D17F = {
						CreatedOnToolsVersion = 12.5;
					};
				};
			};
			buildConfigurationList = 2C16EC6026B9266000B3D17F /* Build configuration list for PBXProject "mySimpleEnroute1" */;
			compatibilityVersion = "Xcode 9.3";
			developmentRegion = en;
			hasScannedForEncodings = 0;
			knownRegions = (
				en,
				Base,
			);
			mainGroup = 2C16EC5C26B9266000B3D17F;
			productRefGroup = 2C16EC6626B9266000B3D17F /* Products */;
			projectDirPath = "";
			projectRoot = "";
			targets = (
				2C16EC6426B9266000B3D17F /* mySimpleEnroute1 */,
			);
		};
/* End PBXProject section */

/* Begin PBXResourcesBuildPhase section */
		2C16EC6326B9266000B3D17F /* Resources */ = {
			isa = PBXResourcesBuildPhase;
			buildActionMask = 2147483647;
			files = (
				2C16EC7026B9266100B3D17F /* Preview Assets.xcassets in Resources */,
				2C16EC6D26B9266100B3D17F /* Assets.xcassets in Resources */,
			);
			runOnlyForDeploymentPostprocessing = 0;
		};
/* End PBXResourcesBuildPhase section */

/* Begin PBXSourcesBuildPhase section */
		2C16EC6126B9266000B3D17F /* Sources */ = {
			isa = PBXSourcesBuildPhase;
			buildActionMask = 2147483647;
			files = (
				2C16EC7526B9266100B3D17F /* mySimpleEnroute1.xcdatamodeld in Sources */,
				2C16EC7226B9266100B3D17F /* Persistence.swift in Sources */,
				2C16EC6B26B9266000B3D17F /* ContentView.swift in Sources */,
				2C16EC6926B9266000B3D17F /* mySimpleEnroute1App.swift in Sources */,
			);
			runOnlyForDeploymentPostprocessing = 0;
		};
/* End PBXSourcesBuildPhase section */

/* Begin XCBuildConfiguration section */
		2C16EC7726B9266100B3D17F /* Debug */ = {
			isa = XCBuildConfiguration;
			buildSettings = {
				ALWAYS_SEARCH_USER_PATHS = NO;
				CLANG_ANALYZER_NONNULL = YES;
				CLANG_ANALYZER_NUMBER_OBJECT_CONVERSION = YES_AGGRESSIVE;
				CLANG_CXX_LANGUAGE_STANDARD = "gnu++14";
				CLANG_CXX_LIBRARY = "libc++";
				CLANG_ENABLE_MODULES = YES;
				CLANG_ENABLE_OBJC_ARC = YES;
				CLANG_ENABLE_OBJC_WEAK = YES;
				CLANG_WARN_BLOCK_CAPTURE_AUTORELEASING = YES;
				CLANG_WARN_BOOL_CONVERSION = YES;
				CLANG_WARN_COMMA = YES;
				CLANG_WARN_CONSTANT_CONVERSION = YES;
				CLANG_WARN_DEPRECATED_OBJC_IMPLEMENTATIONS = YES;
				CLANG_WARN_DIRECT_OBJC_ISA_USAGE = YES_ERROR;
				CLANG_WARN_DOCUMENTATION_COMMENTS = YES;
				CLANG_WARN_EMPTY_BODY = YES;
				CLANG_WARN_ENUM_CONVERSION = YES;
				CLANG_WARN_INFINITE_RECURSION = YES;
				CLANG_WARN_INT_CONVERSION = YES;
				CLANG_WARN_NON_LITERAL_NULL_CONVERSION = YES;
				CLANG_WARN_OBJC_IMPLICIT_RETAIN_SELF = YES;
				CLANG_WARN_OBJC_LITERAL_CONVERSION = YES;
				CLANG_WARN_OBJC_ROOT_CLASS = YES_ERROR;
				CLANG_WARN_QUOTED_INCLUDE_IN_FRAMEWORK_HEADER = YES;
				CLANG_WARN_RANGE_LOOP_ANALYSIS = YES;
				CLANG_WARN_STRICT_PROTOTYPES = YES;
				CLANG_WARN_SUSPICIOUS_MOVE = YES;
				CLANG_WARN_UNGUARDED_AVAILABILITY = YES_AGGRESSIVE;
				CLANG_WARN_UNREACHABLE_CODE = YES;
				CLANG_WARN__DUPLICATE_METHOD_MATCH = YES;
				COPY_PHASE_STRIP = NO;
				DEBUG_INFORMATION_FORMAT = dwarf;
				ENABLE_STRICT_OBJC_MSGSEND = YES;
				ENABLE_TESTABILITY = YES;
				GCC_C_LANGUAGE_STANDARD = gnu11;
				GCC_DYNAMIC_NO_PIC = NO;
				GCC_NO_COMMON_BLOCKS = YES;
				GCC_OPTIMIZATION_LEVEL = 0;
				GCC_PREPROCESSOR_DEFINITIONS = (
					"DEBUG=1",
					"$(inherited)",
				);
				GCC_WARN_64_TO_32_BIT_CONVERSION = YES;
				GCC_WARN_ABOUT_RETURN_TYPE = YES_ERROR;
				GCC_WARN_UNDECLARED_SELECTOR = YES;
				GCC_WARN_UNINITIALIZED_AUTOS = YES_AGGRESSIVE;
				GCC_WARN_UNUSED_FUNCTION = YES;
				GCC_WARN_UNUSED_VARIABLE = YES;
				IPHONEOS_DEPLOYMENT_TARGET = 14.5;
				MTL_ENABLE_DEBUG_INFO = INCLUDE_SOURCE;
				MTL_FAST_MATH = YES;
				ONLY_ACTIVE_ARCH = YES;
				SDKROOT = iphoneos;
				SWIFT_ACTIVE_COMPILATION_CONDITIONS = DEBUG;
				SWIFT_OPTIMIZATION_LEVEL = "-Onone";
			};
			name = Debug;
		};
		2C16EC7826B9266100B3D17F /* Release */ = {
			isa = XCBuildConfiguration;
			buildSettings = {
				ALWAYS_SEARCH_USER_PATHS = NO;
				CLANG_ANALYZER_NONNULL = YES;
				CLANG_ANALYZER_NUMBER_OBJECT_CONVERSION = YES_AGGRESSIVE;
				CLANG_CXX_LANGUAGE_STANDARD = "gnu++14";
				CLANG_CXX_LIBRARY = "libc++";
				CLANG_ENABLE_MODULES = YES;
				CLANG_ENABLE_OBJC_ARC = YES;
				CLANG_ENABLE_OBJC_WEAK = YES;
				CLANG_WARN_BLOCK_CAPTURE_AUTORELEASING = YES;
				CLANG_WARN_BOOL_CONVERSION = YES;
				CLANG_WARN_COMMA = YES;
				CLANG_WARN_CONSTANT_CONVERSION = YES;
				CLANG_WARN_DEPRECATED_OBJC_IMPLEMENTATIONS = YES;
				CLANG_WARN_DIRECT_OBJC_ISA_USAGE = YES_ERROR;
				CLANG_WARN_DOCUMENTATION_COMMENTS = YES;
				CLANG_WARN_EMPTY_BODY = YES;
				CLANG_WARN_ENUM_CONVERSION = YES;
				CLANG_WARN_INFINITE_RECURSION = YES;
				CLANG_WARN_INT_CONVERSION = YES;
				CLANG_WARN_NON_LITERAL_NULL_CONVERSION = YES;
				CLANG_WARN_OBJC_IMPLICIT_RETAIN_SELF = YES;
				CLANG_WARN_OBJC_LITERAL_CONVERSION = YES;
				CLANG_WARN_OBJC_ROOT_CLASS = YES_ERROR;
				CLANG_WARN_QUOTED_INCLUDE_IN_FRAMEWORK_HEADER = YES;
				CLANG_WARN_RANGE_LOOP_ANALYSIS = YES;
				CLANG_WARN_STRICT_PROTOTYPES = YES;
				CLANG_WARN_SUSPICIOUS_MOVE = YES;
				CLANG_WARN_UNGUARDED_AVAILABILITY = YES_AGGRESSIVE;
				CLANG_WARN_UNREACHABLE_CODE = YES;
				CLANG_WARN__DUPLICATE_METHOD_MATCH = YES;
				COPY_PHASE_STRIP = NO;
				DEBUG_INFORMATION_FORMAT = "dwarf-with-dsym";
				ENABLE_NS_ASSERTIONS = NO;
				ENABLE_STRICT_OBJC_MSGSEND = YES;
				GCC_C_LANGUAGE_STANDARD = gnu11;
				GCC_NO_COMMON_BLOCKS = YES;
				GCC_WARN_64_TO_32_BIT_CONVERSION = YES;
				GCC_WARN_ABOUT_RETURN_TYPE = YES_ERROR;
				GCC_WARN_UNDECLARED_SELECTOR = YES;
				GCC_WARN_UNINITIALIZED_AUTOS = YES_AGGRESSIVE;
				GCC_WARN_UNUSED_FUNCTION = YES;
				GCC_WARN_UNUSED_VARIABLE = YES;
				IPHONEOS_DEPLOYMENT_TARGET = 14.5;
				MTL_ENABLE_DEBUG_INFO = NO;
				MTL_FAST_MATH = YES;
				SDKROOT = iphoneos;
				SWIFT_COMPILATION_MODE = wholemodule;
				SWIFT_OPTIMIZATION_LEVEL = "-O";
				VALIDATE_PRODUCT = YES;
			};
			name = Release;
		};
		2C16EC7A26B9266100B3D17F /* Debug */ = {
			isa = XCBuildConfiguration;
			buildSettings = {
				ASSETCATALOG_COMPILER_APPICON_NAME = AppIcon;
				ASSETCATALOG_COMPILER_GLOBAL_ACCENT_COLOR_NAME = AccentColor;
				CODE_SIGN_STYLE = Automatic;
				DEVELOPMENT_ASSET_PATHS = "\"mySimpleEnroute1/Preview Content\"";
				DEVELOPMENT_TEAM = X4Q9MUR658;
				ENABLE_PREVIEWS = YES;
				INFOPLIST_FILE = mySimpleEnroute1/Info.plist;
				IPHONEOS_DEPLOYMENT_TARGET = 14.0;
				LD_RUNPATH_SEARCH_PATHS = (
					"$(inherited)",
					"@executable_path/Frameworks",
				);
				PRODUCT_BUNDLE_IDENTIFIER = com.alpine.mySimpleEnroute1;
				PRODUCT_NAME = "$(TARGET_NAME)";
				SWIFT_VERSION = 5.0;
				TARGETED_DEVICE_FAMILY = "1,2";
			};
			name = Debug;
		};
		2C16EC7B26B9266100B3D17F /* Release */ = {
			isa = XCBuildConfiguration;
			buildSettings = {
				ASSETCATALOG_COMPILER_APPICON_NAME = AppIcon;
				ASSETCATALOG_COMPILER_GLOBAL_ACCENT_COLOR_NAME = AccentColor;
				CODE_SIGN_STYLE = Automatic;
				DEVELOPMENT_ASSET_PATHS = "\"mySimpleEnroute1/Preview Content\"";
				DEVELOPMENT_TEAM = X4Q9MUR658;
				ENABLE_PREVIEWS = YES;
				INFOPLIST_FILE = mySimpleEnroute1/Info.plist;
				IPHONEOS_DEPLOYMENT_TARGET = 14.0;
				LD_RUNPATH_SEARCH_PATHS = (
					"$(inherited)",
					"@executable_path/Frameworks",
				);
				PRODUCT_BUNDLE_IDENTIFIER = com.alpine.mySimpleEnroute1;
				PRODUCT_NAME = "$(TARGET_NAME)";
				SWIFT_VERSION = 5.0;
				TARGETED_DEVICE_FAMILY = "1,2";
			};
			name = Release;
		};
/* End XCBuildConfiguration section */

/* Begin XCConfigurationList section */
		2C16EC6026B9266000B3D17F /* Build configuration list for PBXProject "mySimpleEnroute1" */ = {
			isa = XCConfigurationList;
			buildConfigurations = (
				2C16EC7726B9266100B3D17F /* Debug */,
				2C16EC7826B9266100B3D17F /* Release */,
			);
			defaultConfigurationIsVisible = 0;
			defaultConfigurationName = Release;
		};
		2C16EC7926B9266100B3D17F /* Build configuration list for PBXNativeTarget "mySimpleEnroute1" */ = {
			isa = XCConfigurationList;
			buildConfigurations = (
				2C16EC7A26B9266100B3D17F /* Debug */,
				2C16EC7B26B9266100B3D17F /* Release */,
			);
			defaultConfigurationIsVisible = 0;
			defaultConfigurationName = Release;
		};
/* End XCConfigurationList section */

/* Begin XCVersionGroup section */
		2C16EC7326B9266100B3D17F /* mySimpleEnroute1.xcdatamodeld */ = {
			isa = XCVersionGroup;
			children = (
				2C16EC7426B9266100B3D17F /* mySimpleEnroute1.xcdatamodel */,
			);
			currentVersion = 2C16EC7426B9266100B3D17F /* mySimpleEnroute1.xcdatamodel */;
			path = mySimpleEnroute1.xcdatamodeld;
			sourceTree = "<group>";
			versionGroupType = wrapper.xcdatamodel;
		};
/* End XCVersionGroup section */
	};
	rootObject = 2C16EC5D26B9266000B3D17F /* Project object */;
}
